
Microsoft Visual Studio Solution File, Format Version 12.00
# Visual Studio 15
VisualStudioVersion = 15.0.28307.168
MinimumVisualStudioVersion = 10.0.40219.1
Project("{FAE04EC0-301F-11D3-BF4B-00C04F79EFBC}") = "LeagueManagerPost", "LeagueManagerPost\LeagueManagerPost.csproj", "{9763202D-30D2-48E3-82C3-2D01AC2AFFE2}"
EndProject
Project("{FAE04EC0-301F-11D3-BF4B-00C04F79EFBC}") = "LeagueManagerPost.Tests", "LeagueManagerPost.Tests\LeagueManagerPost.Tests.csproj", "{BCD49342-B2DF-4D69-B1F3-0C05E3AE350C}"
EndProject
Global
	GlobalSection(SolutionConfigurationPlatforms) = preSolution
		Debug|Any CPU = Debug|Any CPU
		Release|Any CPU = Release|Any CPU
	EndGlobalSection
	GlobalSection(ProjectConfigurationPlatforms) = postSolution
		{9763202D-30D2-48E3-82C3-2D01AC2AFFE2}.Debug|Any CPU.ActiveCfg = Debug|Any CPU
		{9763202D-30D2-48E3-82C3-2D01AC2AFFE2}.Debug|Any CPU.Build.0 = Debug|Any CPU
		{9763202D-30D2-48E3-82C3-2D01AC2AFFE2}.Release|Any CPU.ActiveCfg = Release|Any CPU
		{9763202D-30D2-48E3-82C3-2D01AC2AFFE2}.Release|Any CPU.Build.0 = Release|Any CPU
		{BCD49342-B2DF-4D69-B1F3-0C05E3AE350C}.Debug|Any CPU.ActiveCfg = Debug|Any CPU
		{BCD49342-B2DF-4D69-B1F3-0C05E3AE350C}.Debug|Any CPU.Build.0 = Debug|Any CPU
		{BCD49342-B2DF-4D69-B1F3-0C05E3AE350C}.Release|Any CPU.ActiveCfg = Release|Any CPU
		{BCD49342-B2DF-4D69-B1F3-0C05E3AE350C}.Release|Any CPU.Build.0 = Release|Any CPU
	EndGlobalSection
	GlobalSection(SolutionProperties) = preSolution
		HideSolutionNode = FALSE
	EndGlobalSection
	GlobalSection(ExtensibilityGlobals) = postSolution
		SolutionGuid = {0FD5C05E-304C-4C90-810B-C53EB3F9A0D8}
	EndGlobalSection
EndGlobal
